
Microsoft Visual Studio Solution File, Format Version 12.00
# Visual Studio 15
VisualStudioVersion = 15.0.28010.2050
MinimumVisualStudioVersion = 10.0.40219.1
Project("{8BC9CEB8-8B4A-11D0-8D11-00A0C91BC942}") = "MFC_03_CListCtrl", "MFC_03_CListCtrl.vcxproj", "{DF0ABFE4-E884-4A4C-A4CE-A9E429093C09}"
EndProject
Global
	GlobalSection(SolutionConfigurationPlatforms) = preSolution
		Debug|x64 = Debug|x64
		Debug|x86 = Debug|x86
		Release|x64 = Release|x64
		Release|x86 = Release|x86
	EndGlobalSection
	GlobalSection(ProjectConfigurationPlatforms) = postSolution
		{DF0ABFE4-E884-4A4C-A4CE-A9E429093C09}.Debug|x64.ActiveCfg = Debug|x64
		{DF0ABFE4-E884-4A4C-A4CE-A9E429093C09}.Debug|x64.Build.0 = Debug|x64
		{DF0ABFE4-E884-4A4C-A4CE-A9E429093C09}.Debug|x86.ActiveCfg = Debug|Win32
		{DF0ABFE4-E884-4A4C-A4CE-A9E429093C09}.Debug|x86.Build.0 = Debug|Win32
		{DF0ABFE4-E884-4A4C-A4CE-A9E429093C09}.Release|x64.ActiveCfg = Release|x64
		{DF0ABFE4-E884-4A4C-A4CE-A9E429093C09}.Release|x64.Build.0 = Release|x64
		{DF0ABFE4-E884-4A4C-A4CE-A9E429093C09}.Release|x86.ActiveCfg = Release|Win32
		{DF0ABFE4-E884-4A4C-A4CE-A9E429093C09}.Release|x86.Build.0 = Release|Win32
	EndGlobalSection
	GlobalSection(SolutionProperties) = preSolution
		HideSolutionNode = FALSE
	EndGlobalSection
	GlobalSection(ExtensibilityGlobals) = postSolution
		SolutionGuid = {2C00575B-3567-416F-B75B-0A1CA66F2C22}
	EndGlobalSection
EndGlobal
